
Microsoft Visual Studio Solution File, Format Version 12.00
# Visual Studio Version 17
VisualStudioVersion = 17.11.35312.102
MinimumVisualStudioVersion = 10.0.40219.1
Project("{FAE04EC0-301F-11D3-BF4B-00C04F79EFBC}") = "LuckyNumber.App", "LuckyNumber.App\LuckyNumber.App.csproj", "{3C93084E-6B00-46CA-B35C-0AEA76400E2C}"
EndProject
Global
	GlobalSection(SolutionConfigurationPlatforms) = preSolution
		Debug|Any CPU = Debug|Any CPU
		Release|Any CPU = Release|Any CPU
	EndGlobalSection
	GlobalSection(ProjectConfigurationPlatforms) = postSolution
		{3C93084E-6B00-46CA-B35C-0AEA76400E2C}.Debug|Any CPU.ActiveCfg = Debug|Any CPU
		{3C93084E-6B00-46CA-B35C-0AEA76400E2C}.Debug|Any CPU.Build.0 = Debug|Any CPU
		{3C93084E-6B00-46CA-B35C-0AEA76400E2C}.Debug|Any CPU.Deploy.0 = Debug|Any CPU
		{3C93084E-6B00-46CA-B35C-0AEA76400E2C}.Release|Any CPU.ActiveCfg = Release|Any CPU
		{3C93084E-6B00-46CA-B35C-0AEA76400E2C}.Release|Any CPU.Build.0 = Release|Any CPU
		{3C93084E-6B00-46CA-B35C-0AEA76400E2C}.Release|Any CPU.Deploy.0 = Release|Any CPU
	EndGlobalSection
	GlobalSection(SolutionProperties) = preSolution
		HideSolutionNode = FALSE
	EndGlobalSection
	GlobalSection(ExtensibilityGlobals) = postSolution
		SolutionGuid = {0B870669-D362-4739-B92D-F8929810B9C6}
	EndGlobalSection
EndGlobal
